
Microsoft Visual Studio Solution File, Format Version 12.00
# Visual Studio Version 16
VisualStudioVersion = 16.0.30804.86
MinimumVisualStudioVersion = 10.0.40219.1
Project("{9A19103F-16F7-4668-BE54-9A1E7A4F7556}") = "WebApiLivraria", "WebApiLivraria\WebApiLivraria.csproj", "{8D050429-B1F8-4EB5-970A-FAC527CAC543}"
EndProject
Project("{FAE04EC0-301F-11D3-BF4B-00C04F79EFBC}") = "LivrariaFront", "LivrariaFront\LivrariaFront.csproj", "{AF9B502D-02B0-4122-98AB-8FE248450120}"
EndProject
Project("{FAE04EC0-301F-11D3-BF4B-00C04F79EFBC}") = "ModelsShared", "ModelsShared\ModelsShared.csproj", "{C1BFBF28-0CB4-4E15-8DDE-B47F4544DEE2}"
EndProject
Global
	GlobalSection(SolutionConfigurationPlatforms) = preSolution
		Debug|Any CPU = Debug|Any CPU
		Release|Any CPU = Release|Any CPU
	EndGlobalSection
	GlobalSection(ProjectConfigurationPlatforms) = postSolution
		{8D050429-B1F8-4EB5-970A-FAC527CAC543}.Debug|Any CPU.ActiveCfg = Debug|Any CPU
		{8D050429-B1F8-4EB5-970A-FAC527CAC543}.Debug|Any CPU.Build.0 = Debug|Any CPU
		{8D050429-B1F8-4EB5-970A-FAC527CAC543}.Release|Any CPU.ActiveCfg = Release|Any CPU
		{8D050429-B1F8-4EB5-970A-FAC527CAC543}.Release|Any CPU.Build.0 = Release|Any CPU
		{AF9B502D-02B0-4122-98AB-8FE248450120}.Debug|Any CPU.ActiveCfg = Debug|Any CPU
		{AF9B502D-02B0-4122-98AB-8FE248450120}.Debug|Any CPU.Build.0 = Debug|Any CPU
		{AF9B502D-02B0-4122-98AB-8FE248450120}.Release|Any CPU.ActiveCfg = Release|Any CPU
		{AF9B502D-02B0-4122-98AB-8FE248450120}.Release|Any CPU.Build.0 = Release|Any CPU
		{C1BFBF28-0CB4-4E15-8DDE-B47F4544DEE2}.Debug|Any CPU.ActiveCfg = Debug|Any CPU
		{C1BFBF28-0CB4-4E15-8DDE-B47F4544DEE2}.Debug|Any CPU.Build.0 = Debug|Any CPU
		{C1BFBF28-0CB4-4E15-8DDE-B47F4544DEE2}.Release|Any CPU.ActiveCfg = Release|Any CPU
		{C1BFBF28-0CB4-4E15-8DDE-B47F4544DEE2}.Release|Any CPU.Build.0 = Release|Any CPU
	EndGlobalSection
	GlobalSection(SolutionProperties) = preSolution
		HideSolutionNode = FALSE
	EndGlobalSection
	GlobalSection(ExtensibilityGlobals) = postSolution
		SolutionGuid = {29FBB1C5-E2B8-45BE-BF0E-AD6B9461D666}
	EndGlobalSection
EndGlobal
